
Microsoft Visual Studio Solution File, Format Version 12.00
# Visual Studio 15
VisualStudioVersion = 15.0.27428.2002
MinimumVisualStudioVersion = 10.0.40219.1
Project("{FAE04EC0-301F-11D3-BF4B-00C04F79EFBC}") = "443. String Compression", "443. String Compression\443. String Compression.csproj", "{A53F6A7C-5B2B-4528-902D-76B048F92F05}"
EndProject
Project("{FAE04EC0-301F-11D3-BF4B-00C04F79EFBC}") = "UnitTestProject1", "UnitTestProject1\UnitTestProject1.csproj", "{94FFFFFA-E30C-4E1A-B7A2-1C64ECB7F6ED}"
EndProject
Global
	GlobalSection(SolutionConfigurationPlatforms) = preSolution
		Debug|Any CPU = Debug|Any CPU
		Release|Any CPU = Release|Any CPU
	EndGlobalSection
	GlobalSection(ProjectConfigurationPlatforms) = postSolution
		{A53F6A7C-5B2B-4528-902D-76B048F92F05}.Debug|Any CPU.ActiveCfg = Debug|Any CPU
		{A53F6A7C-5B2B-4528-902D-76B048F92F05}.Debug|Any CPU.Build.0 = Debug|Any CPU
		{A53F6A7C-5B2B-4528-902D-76B048F92F05}.Release|Any CPU.ActiveCfg = Release|Any CPU
		{A53F6A7C-5B2B-4528-902D-76B048F92F05}.Release|Any CPU.Build.0 = Release|Any CPU
		{94FFFFFA-E30C-4E1A-B7A2-1C64ECB7F6ED}.Debug|Any CPU.ActiveCfg = Debug|Any CPU
		{94FFFFFA-E30C-4E1A-B7A2-1C64ECB7F6ED}.Debug|Any CPU.Build.0 = Debug|Any CPU
		{94FFFFFA-E30C-4E1A-B7A2-1C64ECB7F6ED}.Release|Any CPU.ActiveCfg = Release|Any CPU
		{94FFFFFA-E30C-4E1A-B7A2-1C64ECB7F6ED}.Release|Any CPU.Build.0 = Release|Any CPU
	EndGlobalSection
	GlobalSection(SolutionProperties) = preSolution
		HideSolutionNode = FALSE
	EndGlobalSection
	GlobalSection(ExtensibilityGlobals) = postSolution
		SolutionGuid = {B693A9CC-B49A-4785-945F-4990F7453557}
	EndGlobalSection
EndGlobal
